
Microsoft Visual Studio Solution File, Format Version 12.00
# Visual Studio Version 16
VisualStudioVersion = 16.0.29123.88
MinimumVisualStudioVersion = 10.0.40219.1
Project("{FAE04EC0-301F-11D3-BF4B-00C04F79EFBC}") = "AssignmentTwo", "AssignmentTwo.csproj", "{C1F5F05D-A175-4383-A105-2E11F2893221}"
EndProject
Global
	GlobalSection(SolutionConfigurationPlatforms) = preSolution
		Debug|Any CPU = Debug|Any CPU
		Release|Any CPU = Release|Any CPU
	EndGlobalSection
	GlobalSection(ProjectConfigurationPlatforms) = postSolution
		{C1F5F05D-A175-4383-A105-2E11F2893221}.Debug|Any CPU.ActiveCfg = Debug|Any CPU
		{C1F5F05D-A175-4383-A105-2E11F2893221}.Debug|Any CPU.Build.0 = Debug|Any CPU
		{C1F5F05D-A175-4383-A105-2E11F2893221}.Release|Any CPU.ActiveCfg = Release|Any CPU
		{C1F5F05D-A175-4383-A105-2E11F2893221}.Release|Any CPU.Build.0 = Release|Any CPU
	EndGlobalSection
	GlobalSection(SolutionProperties) = preSolution
		HideSolutionNode = FALSE
	EndGlobalSection
	GlobalSection(ExtensibilityGlobals) = postSolution
		SolutionGuid = {A21E197C-7DF3-45C1-AF74-3E40AED7AEA1}
	EndGlobalSection
EndGlobal
